
Microsoft Visual Studio Solution File, Format Version 12.00
# Visual Studio Version 17
VisualStudioVersion = 17.14.36203.30
MinimumVisualStudioVersion = 10.0.40219.1
Project("{FAE04EC0-301F-11D3-BF4B-00C04F79EFBC}") = "TiendaJuegos", "TiendaJuegos\TiendaJuegos.csproj", "{63C1DAC6-566A-4D78-8365-98212DBE091E}"
EndProject
Project("{FAE04EC0-301F-11D3-BF4B-00C04F79EFBC}") = "Logica", "Logica\Logica.csproj", "{1F7283DD-AAA0-4B61-948B-BEEE4610C710}"
EndProject
Global
	GlobalSection(SolutionConfigurationPlatforms) = preSolution
		Debug|Any CPU = Debug|Any CPU
		Release|Any CPU = Release|Any CPU
	EndGlobalSection
	GlobalSection(ProjectConfigurationPlatforms) = postSolution
		{63C1DAC6-566A-4D78-8365-98212DBE091E}.Debug|Any CPU.ActiveCfg = Debug|Any CPU
		{63C1DAC6-566A-4D78-8365-98212DBE091E}.Debug|Any CPU.Build.0 = Debug|Any CPU
		{63C1DAC6-566A-4D78-8365-98212DBE091E}.Release|Any CPU.ActiveCfg = Release|Any CPU
		{63C1DAC6-566A-4D78-8365-98212DBE091E}.Release|Any CPU.Build.0 = Release|Any CPU
		{1F7283DD-AAA0-4B61-948B-BEEE4610C710}.Debug|Any CPU.ActiveCfg = Debug|Any CPU
		{1F7283DD-AAA0-4B61-948B-BEEE4610C710}.Debug|Any CPU.Build.0 = Debug|Any CPU
		{1F7283DD-AAA0-4B61-948B-BEEE4610C710}.Release|Any CPU.ActiveCfg = Release|Any CPU
		{1F7283DD-AAA0-4B61-948B-BEEE4610C710}.Release|Any CPU.Build.0 = Release|Any CPU
	EndGlobalSection
	GlobalSection(SolutionProperties) = preSolution
		HideSolutionNode = FALSE
	EndGlobalSection
	GlobalSection(ExtensibilityGlobals) = postSolution
		SolutionGuid = {45333B20-3ABA-4296-A325-85AD48CE10C9}
	EndGlobalSection
EndGlobal
